
Microsoft Visual Studio Solution File, Format Version 12.00
# Visual Studio Version 17
VisualStudioVersion = 17.9.34723.18
MinimumVisualStudioVersion = 10.0.40219.1
Project("{FAE04EC0-301F-11D3-BF4B-00C04F79EFBC}") = "JogoDaAdivinhação", "JogoDaAdivinhação\JogoDaAdivinhação.csproj", "{C3635302-BDB0-49E5-9E1A-9C91CFB5A1FA}"
EndProject
Global
	GlobalSection(SolutionConfigurationPlatforms) = preSolution
		Debug|Any CPU = Debug|Any CPU
		Release|Any CPU = Release|Any CPU
	EndGlobalSection
	GlobalSection(ProjectConfigurationPlatforms) = postSolution
		{C3635302-BDB0-49E5-9E1A-9C91CFB5A1FA}.Debug|Any CPU.ActiveCfg = Debug|Any CPU
		{C3635302-BDB0-49E5-9E1A-9C91CFB5A1FA}.Debug|Any CPU.Build.0 = Debug|Any CPU
		{C3635302-BDB0-49E5-9E1A-9C91CFB5A1FA}.Release|Any CPU.ActiveCfg = Release|Any CPU
		{C3635302-BDB0-49E5-9E1A-9C91CFB5A1FA}.Release|Any CPU.Build.0 = Release|Any CPU
	EndGlobalSection
	GlobalSection(SolutionProperties) = preSolution
		HideSolutionNode = FALSE
	EndGlobalSection
	GlobalSection(ExtensibilityGlobals) = postSolution
		SolutionGuid = {CE72C802-86C9-4E0B-AF30-8EBD82CE9F91}
	EndGlobalSection
EndGlobal
